Microsoft Visual Studio Solution File, Format Version 12.00
# Visual Studio 15
VisualStudioVersion = 15.0.28307.779
MinimumVisualStudioVersion = 10.0.40219.1
Project("{9A19103F-16F7-4668-BE54-9A1E7A4F7556}") = "GameServer", "GameServer\GameServer.csproj", "{EAF2A45A-CE1F-45B7-852D-F1540BAB7E5B}"
EndProject
Project("{FAE04EC0-301F-11D3-BF4B-00C04F79EFBC}") = "WindowsFormsApp1", "WindowsFormsApp1\WindowsFormsApp1.csproj", "{CE04AA13-8D3E-4F41-8A9F-ADC97D4795FC}"
EndProject
Global
	GlobalSection(SolutionConfigurationPlatforms) = preSolution
		Debug|Any CPU = Debug|Any CPU
		Release|Any CPU = Release|Any CPU
	EndGlobalSection
	GlobalSection(ProjectConfigurationPlatforms) = postSolution
		{EAF2A45A-CE1F-45B7-852D-F1540BAB7E5B}.Debug|Any CPU.ActiveCfg = Debug|Any CPU
		{EAF2A45A-CE1F-45B7-852D-F1540BAB7E5B}.Debug|Any CPU.Build.0 = Debug|Any CPU
		{EAF2A45A-CE1F-45B7-852D-F1540BAB7E5B}.Release|Any CPU.ActiveCfg = Release|Any CPU
		{EAF2A45A-CE1F-45B7-852D-F1540BAB7E5B}.Release|Any CPU.Build.0 = Release|Any CPU
		{CE04AA13-8D3E-4F41-8A9F-ADC97D4795FC}.Debug|Any CPU.ActiveCfg = Debug|Any CPU
		{CE04AA13-8D3E-4F41-8A9F-ADC97D4795FC}.Debug|Any CPU.Build.0 = Debug|Any CPU
		{CE04AA13-8D3E-4F41-8A9F-ADC97D4795FC}.Release|Any CPU.ActiveCfg = Release|Any CPU
		{CE04AA13-8D3E-4F41-8A9F-ADC97D4795FC}.Release|Any CPU.Build.0 = Release|Any CPU
	EndGlobalSection
	GlobalSection(SolutionProperties) = preSolution
		HideSolutionNode = FALSE
	EndGlobalSection
	GlobalSection(ExtensibilityGlobals) = postSolution
		SolutionGuid = {931AE0AB-490A-4C8D-BA7C-2AA334789318}
	EndGlobalSection
EndGlobal
